// !$*UTF8*$!
{
	archiveVersion = 1;
	classes = {
	};
	objectVersion = 46;
	objects = {

/* Begin PBXBuildFile section */
		E9AF4E651D7F479F007E1D14 /* AppDelegate.swift in Sources */ = {isa = PBXBuildFile; fileRef = E9AF4E641D7F479F007E1D14 /* AppDelegate.swift */; };
		E9AF4E671D7F479F007E1D14 /* ViewController.swift in Sources */ = {isa = PBXBuildFile; fileRef = E9AF4E661D7F479F007E1D14 /* ViewController.swift */; };
		E9AF4E6A1D7F479F007E1D14 /* Main.storyboard in Resources */ = {isa = PBXBuildFile; fileRef = E9AF4E681D7F479F007E1D14 /* Main.storyboard */; };
		E9AF4E6C1D7F479F007E1D14 /* Assets.xcassets in Resources */ = {isa = PBXBuildFile; fileRef = E9AF4E6B1D7F479F007E1D14 /* Assets.xcassets */; };
		E9AF4E6F1D7F479F007E1D14 /* LaunchScreen.storyboard in Resources */ = {isa = PBXBuildFile; fileRef = E9AF4E6D1D7F479F007E1D14 /* LaunchScreen.storyboard */; };
		E9AF4E7A1D7F479F007E1D14 /* SelfIntroductionTests.swift in Sources */ = {isa = PBXBuildFile; fileRef = E9AF4E791D7F479F007E1D14 /* SelfIntroductionTests.swift */; };
		E9AF4E851D7F479F007E1D14 /* SelfIntroductionUITests.swift in Sources */ = {isa = PBXBuildFile; fileRef = E9AF4E841D7F479F007E1D14 /* SelfIntroductionUITests.swift */; };
/* End PBXBuildFile section */

/* Begin PBXContainerItemProxy section */
		E9AF4E761D7F479F007E1D14 /* PBXContainerItemProxy */ = {
			isa = PBXContainerItemProxy;
			containerPortal = E9AF4E591D7F479F007E1D14 /* Project object */;
			proxyType = 1;
			remoteGlobalIDString = E9AF4E601D7F479F007E1D14;
			remoteInfo = SelfIntroduction;
		};
		E9AF4E811D7F479F007E1D14 /* PBXContainerItemProxy */ = {
			isa = PBXContainerItemProxy;
			containerPortal = E9AF4E591D7F479F007E1D14 /* Project object */;
			proxyType = 1;
			remoteGlobalIDString = E9AF4E601D7F479F007E1D14;
			remoteInfo = SelfIntroduction;
		};
/* End PBXContainerItemProxy section */

/* Begin PBXFileReference section */
		E9AF4E611D7F479F007E1D14 /* SelfIntroduction.app */ = {isa = PBXFileReference; explicitFileType = wrapper.application; includeInIndex = 0; path = SelfIntroduction.app; sourceTree = BUILT_PRODUCTS_DIR; };
		E9AF4E641D7F479F007E1D14 /* AppDelegate.swift */ = {isa = PBXFileReference; lastKnownFileType = sourcecode.swift; path = AppDelegate.swift; sourceTree = "<group>"; };
		E9AF4E661D7F479F007E1D14 /* ViewController.swift */ = {isa = PBXFileReference; lastKnownFileType = sourcecode.swift; path = ViewController.swift; sourceTree = "<group>"; };
		E9AF4E691D7F479F007E1D14 /* Base */ = {isa = PBXFileReference; lastKnownFileType = file.storyboard; name = Base; path = Base.lproj/Main.storyboard; sourceTree = "<group>"; };
		E9AF4E6B1D7F479F007E1D14 /* Assets.xcassets */ = {isa = PBXFileReference; lastKnownFileType = folder.assetcatalog; path = Assets.xcassets; sourceTree = "<group>"; };
		E9AF4E6E1D7F479F007E1D14 /* Base */ = {isa = PBXFileReference; lastKnownFileType = file.storyboard; name = Base; path = Base.lproj/LaunchScreen.storyboard; sourceTree = "<group>"; };
		E9AF4E701D7F479F007E1D14 /* Info.plist */ = {isa = PBXFileReference; lastKnownFileType = text.plist.xml; path = Info.plist; sourceTree = "<group>"; };
		E9AF4E751D7F479F007E1D14 /* SelfIntroductionTests.xctest */ = {isa = PBXFileReference; explicitFileType = wrapper.cfbundle; includeInIndex = 0; path = SelfIntroductionTests.xctest; sourceTree = BUILT_PRODUCTS_DIR; };
		E9AF4E791D7F479F007E1D14 /* SelfIntroductionTests.swift */ = {isa = PBXFileReference; lastKnownFileType = sourcecode.swift; path = SelfIntroductionTests.swift; sourceTree = "<group>"; };
		E9AF4E7B1D7F479F007E1D14 /* Info.plist */ = {isa = PBXFileReference; lastKnownFileType = text.plist.xml; path = Info.plist; sourceTree = "<group>"; };
		E9AF4E801D7F479F007E1D14 /* SelfIntroductionUITests.xctest */ = {isa = PBXFileReference; explicitFileType = wrapper.cfbundle; includeInIndex = 0; path = SelfIntroductionUITests.xctest; sourceTree = BUILT_PRODUCTS_DIR; };
		E9AF4E841D7F479F007E1D14 /* SelfIntroductionUITests.swift */ = {isa = PBXFileReference; lastKnownFileType = sourcecode.swift; path = SelfIntroductionUITests.swift; sourceTree = "<group>"; };
		E9AF4E861D7F479F007E1D14 /* Info.plist */ = {isa = PBXFileReference; lastKnownFileType = text.plist.xml; path = Info.plist; sourceTree = "<group>"; };
/* End PBXFileReference section */

/* Begin PBXFrameworksBuildPhase section */
		E9AF4E5E1D7F479F007E1D14 /* Frameworks */ = {
			isa = PBXFrameworksBuildPhase;
			buildActionMask = 2147483647;
			files = (
			);
			runOnlyForDeploymentPostprocessing = 0;
		};
		E9AF4E721D7F479F007E1D14 /* Frameworks */ = {
			isa = PBXFrameworksBuildPhase;
			buildActionMask = 2147483647;
			files = (
			);
			runOnlyForDeploymentPostprocessing = 0;
		};
		E9AF4E7D1D7F479F007E1D14 /* Frameworks */ = {
			isa = PBXFrameworksBuildPhase;
			buildActionMask = 2147483647;
			files = (
			);
			runOnlyForDeploymentPostprocessing = 0;
		};
/* End PBXFrameworksBuildPhase section */

/* Begin PBXGroup section */
		E9AF4E581D7F479F007E1D14 = {
			isa = PBXGroup;
			children = (
				E9AF4E631D7F479F007E1D14 /* SelfIntroduction */,
				E9AF4E781D7F479F007E1D14 /* SelfIntroductionTests */,
				E9AF4E831D7F479F007E1D14 /* SelfIntroductionUITests */,
				E9AF4E621D7F479F007E1D14 /* Products */,
			);
			sourceTree = "<group>";
		};
		E9AF4E621D7F479F007E1D14 /* Products */ = {
			isa = PBXGroup;
			children = (
				E9AF4E611D7F479F007E1D14 /* SelfIntroduction.app */,
				E9AF4E751D7F479F007E1D14 /* SelfIntroductionTests.xctest */,
				E9AF4E801D7F479F007E1D14 /* SelfIntroductionUITests.xctest */,
			);
			name = Products;
			sourceTree = "<group>";
		};
		E9AF4E631D7F479F007E1D14 /* SelfIntroduction */ = {
			isa = PBXGroup;
			children = (
				E9AF4E641D7F479F007E1D14 /* AppDelegate.swift */,
				E9AF4E661D7F479F007E1D14 /* ViewController.swift */,
				E9AF4E681D7F479F007E1D14 /* Main.storyboard */,
				E9AF4E6B1D7F479F007E1D14 /* Assets.xcassets */,
				E9AF4E6D1D7F479F007E1D14 /* LaunchScreen.storyboard */,
				E9AF4E701D7F479F007E1D14 /* Info.plist */,
			);
			path = SelfIntroduction;
			sourceTree = "<group>";
		};
		E9AF4E781D7F479F007E1D14 /* SelfIntroductionTests */ = {
			isa = PBXGroup;
			children = (
				E9AF4E791D7F479F007E1D14 /* SelfIntroductionTests.swift */,
				E9AF4E7B1D7F479F007E1D14 /* Info.plist */,
			);
			path = SelfIntroductionTests;
			sourceTree = "<group>";
		};
		E9AF4E831D7F479F007E1D14 /* SelfIntroductionUITests */ = {
			isa = PBXGroup;
			children = (
				E9AF4E841D7F479F007E1D14 /* SelfIntroductionUITests.swift */,
				E9AF4E861D7F479F007E1D14 /* Info.plist */,
			);
			path = SelfIntroductionUITests;
			sourceTree = "<group>";
		};
/* End PBXGroup section */

/* Begin PBXNativeTarget section */
		E9AF4E601D7F479F007E1D14 /* SelfIntroduction */ = {
			isa = PBXNativeTarget;
			buildConfigurationList = E9AF4E891D7F479F007E1D14 /* Build configuration list for PBXNativeTarget "SelfIntroduction" */;
			buildPhases = (
				E9AF4E5D1D7F479F007E1D14 /* Sources */,
				E9AF4E5E1D7F479F007E1D14 /* Frameworks */,
				E9AF4E5F1D7F479F007E1D14 /* Resources */,
			);
			buildRules = (
			);
			dependencies = (
			);
			name = SelfIntroduction;
			productName = SelfIntroduction;
			productReference = E9AF4E611D7F479F007E1D14 /* SelfIntroduction.app */;
			productType = "com.apple.product-type.application";
		};
		E9AF4E741D7F479F007E1D14 /* SelfIntroductionTests */ = {
			isa = PBXNativeTarget;
			buildConfigurationList = E9AF4E8C1D7F479F007E1D14 /* Build configuration list for PBXNativeTarget "SelfIntroductionTests" */;
			buildPhases = (
				E9AF4E711D7F479F007E1D14 /* Sources */,
				E9AF4E721D7F479F007E1D14 /* Frameworks */,
				E9AF4E731D7F479F007E1D14 /* Resources */,
			);
			buildRules = (
			);
			dependencies = (
				E9AF4E771D7F479F007E1D14 /* PBXTargetDependency */,
			);
			name = SelfIntroductionTests;
			productName = SelfIntroductionTests;
			productReference = E9AF4E751D7F479F007E1D14 /* SelfIntroductionTests.xctest */;
			productType = "com.apple.product-type.bundle.unit-test";
		};
		E9AF4E7F1D7F479F007E1D14 /* SelfIntroductionUITests */ = {
			isa = PBXNativeTarget;
			buildConfigurationList = E9AF4E8F1D7F479F007E1D14 /* Build configuration list for PBXNativeTarget "SelfIntroductionUITests" */;
			buildPhases = (
				E9AF4E7C1D7F479F007E1D14 /* Sources */,
				E9AF4E7D1D7F479F007E1D14 /* Frameworks */,
				E9AF4E7E1D7F479F007E1D14 /* Resources */,
			);
			buildRules = (
			);
			dependencies = (
				E9AF4E821D7F479F007E1D14 /* PBXTargetDependency */,
			);
			name = SelfIntroductionUITests;
			productName = SelfIntroductionUITests;
			productReference = E9AF4E801D7F479F007E1D14 /* SelfIntroductionUITests.xctest */;
			productType = "com.apple.product-type.bundle.ui-testing";
		};
/* End PBXNativeTarget section */

/* Begin PBXProject section */
		E9AF4E591D7F479F007E1D14 /* Project object */ = {
			isa = PBXProject;
			attributes = {
				LastSwiftUpdateCheck = 0800;
				LastUpgradeCheck = 0800;
				ORGANIZATIONNAME = AustinsIronYard;
				TargetAttributes = {
					E9AF4E601D7F479F007E1D14 = {
						CreatedOnToolsVersion = 8.0;
						ProvisioningStyle = Automatic;
					};
					E9AF4E741D7F479F007E1D14 = {
						CreatedOnToolsVersion = 8.0;
						ProvisioningStyle = Automatic;
						TestTargetID = E9AF4E601D7F479F007E1D14;
					};
					E9AF4E7F1D7F479F007E1D14 = {
						CreatedOnToolsVersion = 8.0;
						ProvisioningStyle = Automatic;
						TestTargetID = E9AF4E601D7F479F007E1D14;
					};
				};
			};
			buildConfigurationList = E9AF4E5C1D7F479F007E1D14 /* Build configuration list for PBXProject "SelfIntroduction" */;
			compatibilityVersion = "Xcode 3.2";
			developmentRegion = English;
			hasScannedForEncodings = 0;
			knownRegions = (
				en,
				Base,
			);
			mainGroup = E9AF4E581D7F479F007E1D14;
			productRefGroup = E9AF4E621D7F479F007E1D14 /* Products */;
			projectDirPath = "";
			projectRoot = "";
			targets = (
				E9AF4E601D7F479F007E1D14 /* SelfIntroduction */,
				E9AF4E741D7F479F007E1D14 /* SelfIntroductionTests */,
				E9AF4E7F1D7F479F007E1D14 /* SelfIntroductionUITests */,
			);
		};
/* End PBXProject section */

/* Begin PBXResourcesBuildPhase section */
		E9AF4E5F1D7F479F007E1D14 /* Resources */ = {
			isa = PBXResourcesBuildPhase;
			buildActionMask = 2147483647;
			files = (
				E9AF4E6F1D7F479F007E1D14 /* LaunchScreen.storyboard in Resources */,
				E9AF4E6C1D7F479F007E1D14 /* Assets.xcassets in Resources */,
				E9AF4E6A1D7F479F007E1D14 /* Main.storyboard in Resources */,
			);
			runOnlyForDeploymentPostprocessing = 0;
		};
		E9AF4E731D7F479F007E1D14 /* Resources */ = {
			isa = PBXResourcesBuildPhase;
			buildActionMask = 2147483647;
			files = (
			);
			runOnlyForDeploymentPostprocessing = 0;
		};
		E9AF4E7E1D7F479F007E1D14 /* Resources */ = {
			isa = PBXResourcesBuildPhase;
			buildActionMask = 2147483647;
			files = (
			);
			runOnlyForDeploymentPostprocessing = 0;
		};
/* End PBXResourcesBuildPhase section */

/* Begin PBXSourcesBuildPhase section */
		E9AF4E5D1D7F479F007E1D14 /* Sources */ = {
			isa = PBXSourcesBuildPhase;
			buildActionMask = 2147483647;
			files = (
				E9AF4E671D7F479F007E1D14 /* ViewController.swift in Sources */,
				E9AF4E651D7F479F007E1D14 /* AppDelegate.swift in Sources */,
			);
			runOnlyForDeploymentPostprocessing = 0;
		};
		E9AF4E711D7F479F007E1D14 /* Sources */ = {
			isa = PBXSourcesBuildPhase;
			buildActionMask = 2147483647;
			files = (
				E9AF4E7A1D7F479F007E1D14 /* SelfIntroductionTests.swift in Sources */,
			);
			runOnlyForDeploymentPostprocessing = 0;
		};
		E9AF4E7C1D7F479F007E1D14 /* Sources */ = {
			isa = PBXSourcesBuildPhase;
			buildActionMask = 2147483647;
			files = (
				E9AF4E851D7F479F007E1D14 /* SelfIntroductionUITests.swift in Sources */,
			);
			runOnlyForDeploymentPostprocessing = 0;
		};
/* End PBXSourcesBuildPhase section */

/* Begin PBXTargetDependency section */
		E9AF4E771D7F479F007E1D14 /* PBXTargetDependency */ = {
			isa = PBXTargetDependency;
			target = E9AF4E601D7F479F007E1D14 /* SelfIntroduction */;
			targetProxy = E9AF4E761D7F479F007E1D14 /* PBXContainerItemProxy */;
		};
		E9AF4E821D7F479F007E1D14 /* PBXTargetDependency */ = {
			isa = PBXTargetDependency;
			target = E9AF4E601D7F479F007E1D14 /* SelfIntroduction */;
			targetProxy = E9AF4E811D7F479F007E1D14 /* PBXContainerItemProxy */;
		};
/* End PBXTargetDependency section */

/* Begin PBXVariantGroup section */
		E9AF4E681D7F479F007E1D14 /* Main.storyboard */ = {
			isa = PBXVariantGroup;
			children = (
				E9AF4E691D7F479F007E1D14 /* Base */,
			);
			name = Main.storyboard;
			sourceTree = "<group>";
		};
		E9AF4E6D1D7F479F007E1D14 /* LaunchScreen.storyboard */ = {
			isa = PBXVariantGroup;
			children = (
				E9AF4E6E1D7F479F007E1D14 /* Base */,
			);
			name = LaunchScreen.storyboard;
			sourceTree = "<group>";
		};
/* End PBXVariantGroup section */

/* Begin XCBuildConfiguration section */
		E9AF4E871D7F479F007E1D14 /* Debug */ = {
			isa = XCBuildConfiguration;
			buildSettings = {
				ALWAYS_SEARCH_USER_PATHS = NO;
				CLANG_ANALYZER_NONNULL = YES;
				CLANG_CXX_LANGUAGE_STANDARD = "gnu++0x";
				CLANG_CXX_LIBRARY = "libc++";
				CLANG_ENABLE_MODULES = YES;
				CLANG_ENABLE_OBJC_ARC = YES;
				CLANG_WARN_BOOL_CONVERSION = YES;
				CLANG_WARN_CONSTANT_CONVERSION = YES;
				CLANG_WARN_DIRECT_OBJC_ISA_USAGE = YES_ERROR;
				CLANG_WARN_DOCUMENTATION_COMMENTS = YES;
				CLANG_WARN_EMPTY_BODY = YES;
				CLANG_WARN_ENUM_CONVERSION = YES;
				CLANG_WARN_INFINITE_RECURSION = YES;
				CLANG_WARN_INT_CONVERSION = YES;
				CLANG_WARN_OBJC_ROOT_CLASS = YES_ERROR;
				CLANG_WARN_SUSPICIOUS_MOVES = YES;
				CLANG_WARN_UNREACHABLE_CODE = YES;
				CLANG_WARN__DUPLICATE_METHOD_MATCH = YES;
				"CODE_SIGN_IDENTITY[sdk=iphoneos*]" = "iPhone Developer";
				COPY_PHASE_STRIP = NO;
				DEBUG_INFORMATION_FORMAT = dwarf;
				ENABLE_STRICT_OBJC_MSGSEND = YES;
				ENABLE_TESTABILITY = YES;
				GCC_C_LANGUAGE_STANDARD = gnu99;
				GCC_DYNAMIC_NO_PIC = NO;
				GCC_NO_COMMON_BLOCKS = YES;
				GCC_OPTIMIZATION_LEVEL = 0;
				GCC_PREPROCESSOR_DEFINITIONS = (
					"DEBUG=1",
					"$(inherited)",
				);
				GCC_WARN_64_TO_32_BIT_CONVERSION = YES;
				GCC_WARN_ABOUT_RETURN_TYPE = YES_ERROR;
				GCC_WARN_UNDECLARED_SELECTOR = YES;
				GCC_WARN_UNINITIALIZED_AUTOS = YES_AGGRESSIVE;
				GCC_WARN_UNUSED_FUNCTION = YES;
				GCC_WARN_UNUSED_VARIABLE = YES;
				IPHONEOS_DEPLOYMENT_TARGET = 10.0;
				MTL_ENABLE_DEBUG_INFO = YES;
				ONLY_ACTIVE_ARCH = YES;
				SDKROOT = iphoneos;
				SWIFT_ACTIVE_COMPILATION_CONDITIONS = DEBUG;
				SWIFT_OPTIMIZATION_LEVEL = "-Onone";
			};
			name = Debug;
		};
		E9AF4E881D7F479F007E1D14 /* Release */ = {
			isa = XCBuildConfiguration;
			buildSettings = {
				ALWAYS_SEARCH_USER_PATHS = NO;
				CLANG_ANALYZER_NONNULL = YES;
				CLANG_CXX_LANGUAGE_STANDARD = "gnu++0x";
				CLANG_CXX_LIBRARY = "libc++";
				CLANG_ENABLE_MODULES = YES;
				CLANG_ENABLE_OBJC_ARC = YES;
				CLANG_WARN_BOOL_CONVERSION = YES;
				CLANG_WARN_CONSTANT_CONVERSION = YES;
				CLANG_WARN_DIRECT_OBJC_ISA_USAGE = YES_ERROR;
				CLANG_WARN_DOCUMENTATION_COMMENTS = YES;
				CLANG_WARN_EMPTY_BODY = YES;
				CLANG_WARN_ENUM_CONVERSION = YES;
				CLANG_WARN_INFINITE_RECURSION = YES;
				CLANG_WARN_INT_CONVERSION = YES;
				CLANG_WARN_OBJC_ROOT_CLASS = YES_ERROR;
				CLANG_WARN_SUSPICIOUS_MOVES = YES;
				CLANG_WARN_UNREACHABLE_CODE = YES;
				CLANG_WARN__DUPLICATE_METHOD_MATCH = YES;
				"CODE_SIGN_IDENTITY[sdk=iphoneos*]" = "iPhone Developer";
				COPY_PHASE_STRIP = NO;
				DEBUG_INFORMATION_FORMAT = "dwarf-with-dsym";
				ENABLE_NS_ASSERTIONS = NO;
				ENABLE_STRICT_OBJC_MSGSEND = YES;
				GCC_C_LANGUAGE_STANDARD = gnu99;
				GCC_NO_COMMON_BLOCKS = YES;
				GCC_WARN_64_TO_32_BIT_CONVERSION = YES;
				GCC_WARN_ABOUT_RETURN_TYPE = YES_ERROR;
				GCC_WARN_UNDECLARED_SELECTOR = YES;
				GCC_WARN_UNINITIALIZED_AUTOS = YES_AGGRESSIVE;
				GCC_WARN_UNUSED_FUNCTION = YES;
				GCC_WARN_UNUSED_VARIABLE = YES;
				IPHONEOS_DEPLOYMENT_TARGET = 10.0;
				MTL_ENABLE_DEBUG_INFO = NO;
				SDKROOT = iphoneos;
				SWIFT_OPTIMIZATION_LEVEL = "-Owholemodule";
				VALIDATE_PRODUCT = YES;
			};
			name = Release;
		};
		E9AF4E8A1D7F479F007E1D14 /* Debug */ = {
			isa = XCBuildConfiguration;
			buildSettings = {
				ASSETCATALOG_COMPILER_APPICON_NAME = AppIcon;
				INFOPLIST_FILE = SelfIntroduction/Info.plist;
				LD_RUNPATH_SEARCH_PATHS = "$(inherited) @executable_path/Frameworks";
				PRODUCT_BUNDLE_IDENTIFIER = com.austinsironyard.SelfIntroduction;
				PRODUCT_NAME = "$(TARGET_NAME)";
				SWIFT_VERSION = 3.0;
			};
			name = Debug;
		};
		E9AF4E8B1D7F479F007E1D14 /* Release */ = {
			isa = XCBuildConfiguration;
			buildSettings = {
				ASSETCATALOG_COMPILER_APPICON_NAME = AppIcon;
				INFOPLIST_FILE = SelfIntroduction/Info.plist;
				LD_RUNPATH_SEARCH_PATHS = "$(inherited) @executable_path/Frameworks";
				PRODUCT_BUNDLE_IDENTIFIER = com.austinsironyard.SelfIntroduction;
				PRODUCT_NAME = "$(TARGET_NAME)";
				SWIFT_VERSION = 3.0;
			};
			name = Release;
		};
		E9AF4E8D1D7F479F007E1D14 /* Debug */ = {
			isa = XCBuildConfiguration;
			buildSettings = {
				ALWAYS_EMBED_SWIFT_STANDARD_LIBRARIES = YES;
				BUNDLE_LOADER = "$(TEST_HOST)";
				INFOPLIST_FILE = SelfIntroductionTests/Info.plist;
				LD_RUNPATH_SEARCH_PATHS = "$(inherited) @executable_path/Frameworks @loader_path/Frameworks";
				PRODUCT_BUNDLE_IDENTIFIER = com.austinsironyard.SelfIntroductionTests;
				PRODUCT_NAME = "$(TARGET_NAME)";
				SWIFT_VERSION = 3.0;
				TEST_HOST = "$(BUILT_PRODUCTS_DIR)/SelfIntroduction.app/SelfIntroduction";
			};
			name = Debug;
		};
		E9AF4E8E1D7F479F007E1D14 /* Release */ = {
			isa = XCBuildConfiguration;
			buildSettings = {
				ALWAYS_EMBED_SWIFT_STANDARD_LIBRARIES = YES;
				BUNDLE_LOADER = "$(TEST_HOST)";
				INFOPLIST_FILE = SelfIntroductionTests/Info.plist;
				LD_RUNPATH_SEARCH_PATHS = "$(inherited) @executable_path/Frameworks @loader_path/Frameworks";
				PRODUCT_BUNDLE_IDENTIFIER = com.austinsironyard.SelfIntroductionTests;
				PRODUCT_NAME = "$(TARGET_NAME)";
				SWIFT_VERSION = 3.0;
				TEST_HOST = "$(BUILT_PRODUCTS_DIR)/SelfIntroduction.app/SelfIntroduction";
			};
			name = Release;
		};
		E9AF4E901D7F479F007E1D14 /* Debug */ = {
			isa = XCBuildConfiguration;
			buildSettings = {
				ALWAYS_EMBED_SWIFT_STANDARD_LIBRARIES = YES;
				INFOPLIST_FILE = SelfIntroductionUITests/Info.plist;
				LD_RUNPATH_SEARCH_PATHS = "$(inherited) @executable_path/Frameworks @loader_path/Frameworks";
				PRODUCT_BUNDLE_IDENTIFIER = com.austinsironyard.SelfIntroductionUITests;
				PRODUCT_NAME = "$(TARGET_NAME)";
				SWIFT_VERSION = 3.0;
				TEST_TARGET_NAME = SelfIntroduction;
			};
			name = Debug;
		};
		E9AF4E911D7F479F007E1D14 /* Release */ = {
			isa = XCBuildConfiguration;
			buildSettings = {
				ALWAYS_EMBED_SWIFT_STANDARD_LIBRARIES = YES;
				INFOPLIST_FILE = SelfIntroductionUITests/Info.plist;
				LD_RUNPATH_SEARCH_PATHS = "$(inherited) @executable_path/Frameworks @loader_path/Frameworks";
				PRODUCT_BUNDLE_IDENTIFIER = com.austinsironyard.SelfIntroductionUITests;
				PRODUCT_NAME = "$(TARGET_NAME)";
				SWIFT_VERSION = 3.0;
				TEST_TARGET_NAME = SelfIntroduction;
			};
			name = Release;
		};
/* End XCBuildConfiguration section */

/* Begin XCConfigurationList section */
		E9AF4E5C1D7F479F007E1D14 /* Build configuration list for PBXProject "SelfIntroduction" */ = {
			isa = XCConfigurationList;
			buildConfigurations = (
				E9AF4E871D7F479F007E1D14 /* Debug */,
				E9AF4E881D7F479F007E1D14 /* Release */,
			);
			defaultConfigurationIsVisible = 0;
			defaultConfigurationName = Release;
		};
		E9AF4E891D7F479F007E1D14 /* Build configuration list for PBXNativeTarget "SelfIntroduction" */ = {
			isa = XCConfigurationList;
			buildConfigurations = (
				E9AF4E8A1D7F479F007E1D14 /* Debug */,
				E9AF4E8B1D7F479F007E1D14 /* Release */,
			);
			defaultConfigurationIsVisible = 0;
		};
		E9AF4E8C1D7F479F007E1D14 /* Build configuration list for PBXNativeTarget "SelfIntroductionTests" */ = {
			isa = XCConfigurationList;
			buildConfigurations = (
				E9AF4E8D1D7F479F007E1D14 /* Debug */,
				E9AF4E8E1D7F479F007E1D14 /* Release */,
			);
			defaultConfigurationIsVisible = 0;
		};
		E9AF4E8F1D7F479F007E1D14 /* Build configuration list for PBXNativeTarget "SelfIntroductionUITests" */ = {
			isa = XCConfigurationList;
			buildConfigurations = (
				E9AF4E901D7F479F007E1D14 /* Debug */,
				E9AF4E911D7F479F007E1D14 /* Release */,
			);
			defaultConfigurationIsVisible = 0;
		};
/* End XCConfigurationList section */
	};
	rootObject = E9AF4E591D7F479F007E1D14 /* Project object */;
}
